
Microsoft Visual Studio Solution File, Format Version 12.00
# Visual Studio Version 16
VisualStudioVersion = 16.0.31025.194
MinimumVisualStudioVersion = 10.0.40219.1
Project("{8BC9CEB8-8B4A-11D0-8D11-00A0C91BC942}") = "EtwTiTester", "EtwTiTester.vcxproj", "{DBA1664E-B6D0-49FA-B25D-57F9DEEF6489}"
EndProject
Global
	GlobalSection(SolutionConfigurationPlatforms) = preSolution
		Debug|x64 = Debug|x64
		Release|x64 = Release|x64
	EndGlobalSection
	GlobalSection(ProjectConfigurationPlatforms) = postSolution
		{DBA1664E-B6D0-49FA-B25D-57F9DEEF6489}.Debug|x64.ActiveCfg = Debug|x64
		{DBA1664E-B6D0-49FA-B25D-57F9DEEF6489}.Debug|x64.Build.0 = Debug|x64
		{DBA1664E-B6D0-49FA-B25D-57F9DEEF6489}.Release|x64.ActiveCfg = Release|x64
		{DBA1664E-B6D0-49FA-B25D-57F9DEEF6489}.Release|x64.Build.0 = Release|x64
	EndGlobalSection
	GlobalSection(SolutionProperties) = preSolution
		HideSolutionNode = FALSE
	EndGlobalSection
	GlobalSection(ExtensibilityGlobals) = postSolution
		SolutionGuid = {B2900774-6239-486B-A8C2-1E40B683C677}
	EndGlobalSection
EndGlobal
